
Microsoft Visual Studio Solution File, Format Version 12.00
# Visual Studio Version 16
VisualStudioVersion = 16.0.30611.23
MinimumVisualStudioVersion = 10.0.40219.1
Project("{FAE04EC0-301F-11D3-BF4B-00C04F79EFBC}") = "lab1", "lab1\lab1.csproj", "{EBE5E59F-1B9C-4A54-844E-B79528050E07}"
EndProject
Global
	GlobalSection(SolutionConfigurationPlatforms) = preSolution
		Debug|Any CPU = Debug|Any CPU
		Release|Any CPU = Release|Any CPU
	EndGlobalSection
	GlobalSection(ProjectConfigurationPlatforms) = postSolution
		{EBE5E59F-1B9C-4A54-844E-B79528050E07}.Debug|Any CPU.ActiveCfg = Debug|Any CPU
		{EBE5E59F-1B9C-4A54-844E-B79528050E07}.Debug|Any CPU.Build.0 = Debug|Any CPU
		{EBE5E59F-1B9C-4A54-844E-B79528050E07}.Release|Any CPU.ActiveCfg = Release|Any CPU
		{EBE5E59F-1B9C-4A54-844E-B79528050E07}.Release|Any CPU.Build.0 = Release|Any CPU
	EndGlobalSection
	GlobalSection(SolutionProperties) = preSolution
		HideSolutionNode = FALSE
	EndGlobalSection
	GlobalSection(ExtensibilityGlobals) = postSolution
		SolutionGuid = {600A7E68-C5F3-4479-85C1-4C546AC16911}
	EndGlobalSection
EndGlobal
